
Microsoft Visual Studio Solution File, Format Version 12.00
# Visual Studio Version 17
VisualStudioVersion = 17.3.32929.385
MinimumVisualStudioVersion = 10.0.40219.1
Project("{9A19103F-16F7-4668-BE54-9A1E7A4F7556}") = "Web_Application", "Web_Application\Web_Application.csproj", "{F47D45BA-DBBE-4817-89EE-8F6112316234}"
EndProject
Project("{9A19103F-16F7-4668-BE54-9A1E7A4F7556}") = "MS_Test", "MS_Test\MS_Test.csproj", "{608CD6B8-5477-4800-BF62-90926641E8E1}"
EndProject
Project("{9A19103F-16F7-4668-BE54-9A1E7A4F7556}") = "Desktop_Application", "Desktop_Application\Desktop_Application.csproj", "{87A81FAA-82C3-41F4-9AAB-064352D4983A}"
EndProject
Project("{9A19103F-16F7-4668-BE54-9A1E7A4F7556}") = "MyApplication.Infrastructure", "Application.Infrastructure\MyApplication.Infrastructure.csproj", "{17E89F60-4C0E-4171-A5B3-1CB10B6198DF}"
EndProject
Project("{9A19103F-16F7-4668-BE54-9A1E7A4F7556}") = "MyApplication.Domain", "Application.Domain\MyApplication.Domain.csproj", "{0220C054-CB50-4A87-B9FA-0A83B9FE56D8}"
EndProject
Global
	GlobalSection(SolutionConfigurationPlatforms) = preSolution
		Debug|Any CPU = Debug|Any CPU
		Release|Any CPU = Release|Any CPU
	EndGlobalSection
	GlobalSection(ProjectConfigurationPlatforms) = postSolution
		{F47D45BA-DBBE-4817-89EE-8F6112316234}.Debug|Any CPU.ActiveCfg = Debug|Any CPU
		{F47D45BA-DBBE-4817-89EE-8F6112316234}.Debug|Any CPU.Build.0 = Debug|Any CPU
		{F47D45BA-DBBE-4817-89EE-8F6112316234}.Release|Any CPU.ActiveCfg = Release|Any CPU
		{F47D45BA-DBBE-4817-89EE-8F6112316234}.Release|Any CPU.Build.0 = Release|Any CPU
		{608CD6B8-5477-4800-BF62-90926641E8E1}.Debug|Any CPU.ActiveCfg = Debug|Any CPU
		{608CD6B8-5477-4800-BF62-90926641E8E1}.Debug|Any CPU.Build.0 = Debug|Any CPU
		{608CD6B8-5477-4800-BF62-90926641E8E1}.Release|Any CPU.ActiveCfg = Release|Any CPU
		{608CD6B8-5477-4800-BF62-90926641E8E1}.Release|Any CPU.Build.0 = Release|Any CPU
		{87A81FAA-82C3-41F4-9AAB-064352D4983A}.Debug|Any CPU.ActiveCfg = Debug|Any CPU
		{87A81FAA-82C3-41F4-9AAB-064352D4983A}.Debug|Any CPU.Build.0 = Debug|Any CPU
		{87A81FAA-82C3-41F4-9AAB-064352D4983A}.Release|Any CPU.ActiveCfg = Release|Any CPU
		{87A81FAA-82C3-41F4-9AAB-064352D4983A}.Release|Any CPU.Build.0 = Release|Any CPU
		{17E89F60-4C0E-4171-A5B3-1CB10B6198DF}.Debug|Any CPU.ActiveCfg = Debug|Any CPU
		{17E89F60-4C0E-4171-A5B3-1CB10B6198DF}.Debug|Any CPU.Build.0 = Debug|Any CPU
		{17E89F60-4C0E-4171-A5B3-1CB10B6198DF}.Release|Any CPU.ActiveCfg = Release|Any CPU
		{17E89F60-4C0E-4171-A5B3-1CB10B6198DF}.Release|Any CPU.Build.0 = Release|Any CPU
		{0220C054-CB50-4A87-B9FA-0A83B9FE56D8}.Debug|Any CPU.ActiveCfg = Debug|Any CPU
		{0220C054-CB50-4A87-B9FA-0A83B9FE56D8}.Debug|Any CPU.Build.0 = Debug|Any CPU
		{0220C054-CB50-4A87-B9FA-0A83B9FE56D8}.Release|Any CPU.ActiveCfg = Release|Any CPU
		{0220C054-CB50-4A87-B9FA-0A83B9FE56D8}.Release|Any CPU.Build.0 = Release|Any CPU
	EndGlobalSection
	GlobalSection(SolutionProperties) = preSolution
		HideSolutionNode = FALSE
	EndGlobalSection
	GlobalSection(ExtensibilityGlobals) = postSolution
		SolutionGuid = {0F230543-6BCA-42E2-B26E-2703D61B273D}
	EndGlobalSection
EndGlobal
